
Microsoft Visual Studio Solution File, Format Version 12.00
# Visual Studio Version 16
VisualStudioVersion = 16.0.29806.167
MinimumVisualStudioVersion = 10.0.40219.1
Project("{FAE04EC0-301F-11D3-BF4B-00C04F79EFBC}") = "projetoLanHouseADM", "projetoLanHouse\projetoLanHouseADM.csproj", "{75790CBE-EF69-4AD8-8A5E-34BCE1640560}"
EndProject
Project("{FAE04EC0-301F-11D3-BF4B-00C04F79EFBC}") = "LanHouse", "LanHouse\LanHouse\LanHouse\LanHouse.csproj", "{143C5BD5-6B79-4553-B4B5-77205052FCEB}"
EndProject
Global
	GlobalSection(SolutionConfigurationPlatforms) = preSolution
		Debug|Any CPU = Debug|Any CPU
		Release|Any CPU = Release|Any CPU
	EndGlobalSection
	GlobalSection(ProjectConfigurationPlatforms) = postSolution
		{75790CBE-EF69-4AD8-8A5E-34BCE1640560}.Debug|Any CPU.ActiveCfg = Debug|Any CPU
		{75790CBE-EF69-4AD8-8A5E-34BCE1640560}.Debug|Any CPU.Build.0 = Debug|Any CPU
		{75790CBE-EF69-4AD8-8A5E-34BCE1640560}.Release|Any CPU.ActiveCfg = Release|Any CPU
		{75790CBE-EF69-4AD8-8A5E-34BCE1640560}.Release|Any CPU.Build.0 = Release|Any CPU
		{143C5BD5-6B79-4553-B4B5-77205052FCEB}.Debug|Any CPU.ActiveCfg = Debug|Any CPU
		{143C5BD5-6B79-4553-B4B5-77205052FCEB}.Debug|Any CPU.Build.0 = Debug|Any CPU
		{143C5BD5-6B79-4553-B4B5-77205052FCEB}.Release|Any CPU.ActiveCfg = Release|Any CPU
		{143C5BD5-6B79-4553-B4B5-77205052FCEB}.Release|Any CPU.Build.0 = Release|Any CPU
	EndGlobalSection
	GlobalSection(SolutionProperties) = preSolution
		HideSolutionNode = FALSE
	EndGlobalSection
	GlobalSection(ExtensibilityGlobals) = postSolution
		SolutionGuid = {5A0851E3-ED9D-44BA-BEA6-07DFBBC3561A}
	EndGlobalSection
EndGlobal
